{
  "lockfileVersion": 1,
  "workspaces": {
    "": {
      "name": "bun-markdown-display",
      "dependencies": {
        "@tailwindcss/typography": "^0.5.16",
        "@types/highlight.js": "^10.1.0",
        "@types/marked": "^6.0.0",
        "@types/sanitize-html": "^2.16.0",
        "bun-markdown-display": "file:",
        "bun-plugin-tailwind": "^0.0.14",
        "highlight.js": "^11.11.1",
        "marked": "^15.0.12",
        "marked-highlight": "^2.2.1",
        "react": "^19",
        "react-dom": "^19",
        "react-router-dom": "^7.6.0",
        "sanitize-html": "^2.17.0",
        "tailwindcss": "^4.0.6",
      },
      "devDependencies": {
        "@types/bun": "latest",
        "@types/react": "^19",
        "@types/react-dom": "^19",
      },
    },
  },
  "packages": {
    "@tailwindcss/typography": ["@tailwindcss/typography@0.5.16", "https://registry.npmmirror.com/@tailwindcss/typography/-/typography-0.5.16.tgz", { "dependencies": { "lodash.castarray": "^4.4.0", "lodash.isplainobject": "^4.0.6", "lodash.merge": "^4.6.2", "postcss-selector-parser": "6.0.10" }, "peerDependencies": { "tailwindcss": ">=3.0.0 || insiders || >=4.0.0-alpha.20 || >=4.0.0-beta.1" } }, "sha512-0wDLwCVF5V3x3b1SGXPCDcdsbDHMBe+lkFzBRaHeLvNi+nrrnZ1lA18u+OTWO8iSWU2GxUOCvlXtDuqftc1oiA=="],

    "@types/bun": ["@types/bun@1.2.14", "https://registry.npmmirror.com/@types/bun/-/bun-1.2.14.tgz", { "dependencies": { "bun-types": "1.2.14" } }, "sha512-VsFZKs8oKHzI7zwvECiAJ5oSorWndIWEVhfbYqZd4HI/45kzW7PN2Rr5biAzvGvRuNmYLSANY+H59ubHq8xw7Q=="],

    "@types/highlight.js": ["@types/highlight.js@10.1.0", "https://registry.npmmirror.com/@types/highlight.js/-/highlight.js-10.1.0.tgz", { "dependencies": { "highlight.js": "*" } }, "sha512-77hF2dGBsOgnvZll1vymYiNUtqJ8cJfXPD6GG/2M0aLRc29PkvB7Au6sIDjIEFcSICBhCh2+Pyq6WSRS7LUm6A=="],

    "@types/marked": ["@types/marked@6.0.0", "https://registry.npmmirror.com/@types/marked/-/marked-6.0.0.tgz", { "dependencies": { "marked": "*" } }, "sha512-jmjpa4BwUsmhxcfsgUit/7A9KbrC48Q0q8KvnY107ogcjGgTFDlIL3RpihNpx2Mu1hM4mdFQjoVc4O6JoGKHsA=="],

    "@types/node": ["@types/node@22.15.21", "https://registry.npmmirror.com/@types/node/-/node-22.15.21.tgz", { "dependencies": { "undici-types": "~6.21.0" } }, "sha512-EV/37Td6c+MgKAbkcLG6vqZ2zEYHD7bvSrzqqs2RIhbA6w3x+Dqz8MZM3sP6kGTeLrdoOgKZe+Xja7tUB2DNkQ=="],

    "@types/react": ["@types/react@19.1.5", "https://registry.npmmirror.com/@types/react/-/react-19.1.5.tgz", { "dependencies": { "csstype": "^3.0.2" } }, "sha512-piErsCVVbpMMT2r7wbawdZsq4xMvIAhQuac2gedQHysu1TZYEigE6pnFfgZT+/jQnrRuF5r+SHzuehFjfRjr4g=="],

    "@types/react-dom": ["@types/react-dom@19.1.5", "https://registry.npmmirror.com/@types/react-dom/-/react-dom-19.1.5.tgz", { "peerDependencies": { "@types/react": "^19.0.0" } }, "sha512-CMCjrWucUBZvohgZxkjd6S9h0nZxXjzus6yDfUb+xLxYM7VvjKNH1tQrE9GWLql1XoOP4/Ds3bwFqShHUYraGg=="],

    "@types/sanitize-html": ["@types/sanitize-html@2.16.0", "https://registry.npmmirror.com/@types/sanitize-html/-/sanitize-html-2.16.0.tgz", { "dependencies": { "htmlparser2": "^8.0.0" } }, "sha512-l6rX1MUXje5ztPT0cAFtUayXF06DqPhRyfVXareEN5gGCFaP/iwsxIyKODr9XDhfxPpN6vXUFNfo5kZMXCxBtw=="],

    "bun-markdown-display": ["bun-markdown-display@file:", { "dependencies": { "bun-markdown-display": "file:", "bun-plugin-tailwind": "^0.0.14", "react": "^19", "react-dom": "^19", "tailwindcss": "^4.0.6" }, "devDependencies": { "@types/bun": "latest", "@types/react": "^19", "@types/react-dom": "^19" } }],

    "bun-plugin-tailwind": ["bun-plugin-tailwind@0.0.14", "https://registry.npmmirror.com/bun-plugin-tailwind/-/bun-plugin-tailwind-0.0.14.tgz", { "dependencies": { "tailwindcss": "4.0.0-beta.9" }, "peerDependencies": { "typescript": "^5.0.0" } }, "sha512-Ge8M8DQsRDErCzH/uI8pYjx5vZWXxQvnwM/xMQMElxQqHieGbAopfYo/q/kllkPkRbFHiwhnHwTpRMAMJZCjug=="],

    "bun-types": ["bun-types@1.2.14", "https://registry.npmmirror.com/bun-types/-/bun-types-1.2.14.tgz", { "dependencies": { "@types/node": "*" } }, "sha512-Kuh4Ub28ucMRWeiUUWMHsT9Wcbr4H3kLIO72RZZElSDxSu7vpetRvxIUDUaW6QtaIeixIpm7OXtNnZPf82EzwA=="],

    "cookie": ["cookie@1.0.2", "https://registry.npmmirror.com/cookie/-/cookie-1.0.2.tgz", {}, "sha512-9Kr/j4O16ISv8zBBhJoi4bXOYNTkFLOqSL3UDB0njXxCXNezjeyVrJyGOWtgfs/q2km1gwBcfH8q1yEGoMYunA=="],

    "cssesc": ["cssesc@3.0.0", "https://registry.npmmirror.com/cssesc/-/cssesc-3.0.0.tgz", { "bin": { "cssesc": "bin/cssesc" } }, "sha512-/Tb/JcjK111nNScGob5MNtsntNM1aCNUDipB/TkwZFhyDrrE47SOx/18wF2bbjgc3ZzCSKW1T5nt5EbFoAz/Vg=="],

    "csstype": ["csstype@3.1.3", "https://registry.npmmirror.com/csstype/-/csstype-3.1.3.tgz", {}, "sha512-M1uQkMl8rQK/szD0LNhtqxIPLpimGm8sOBwU7lLnCpSbTyY3yeU1Vc7l4KT5zT4s/yOxHH5O7tIuuLOCnLADRw=="],

    "deepmerge": ["deepmerge@4.3.1", "https://registry.npmmirror.com/deepmerge/-/deepmerge-4.3.1.tgz", {}, "sha512-3sUqbMEc77XqpdNO7FRyRog+eW3ph+GYCbj+rK+uYyRMuwsVy0rMiVtPn+QJlKFvWP/1PYpapqYn0Me2knFn+A=="],

    "dom-serializer": ["dom-serializer@2.0.0", "https://registry.npmmirror.com/dom-serializer/-/dom-serializer-2.0.0.tgz", { "dependencies": { "domelementtype": "^2.3.0", "domhandler": "^5.0.2", "entities": "^4.2.0" } }, "sha512-wIkAryiqt/nV5EQKqQpo3SToSOV9J0DnbJqwK7Wv/Trc92zIAYZ4FlMu+JPFW1DfGFt81ZTCGgDEabffXeLyJg=="],

    "domelementtype": ["domelementtype@2.3.0", "https://registry.npmmirror.com/domelementtype/-/domelementtype-2.3.0.tgz", {}, "sha512-OLETBj6w0OsagBwdXnPdN0cnMfF9opN69co+7ZrbfPGrdpPVNBUj02spi6B1N7wChLQiPn4CSH/zJvXw56gmHw=="],

    "domhandler": ["domhandler@5.0.3", "https://registry.npmmirror.com/domhandler/-/domhandler-5.0.3.tgz", { "dependencies": { "domelementtype": "^2.3.0" } }, "sha512-cgwlv/1iFQiFnU96XXgROh8xTeetsnJiDsTc7TYCLFd9+/WNkIqPTxiM/8pSd8VIrhXGTf1Ny1q1hquVqDJB5w=="],

    "domutils": ["domutils@3.2.2", "https://registry.npmmirror.com/domutils/-/domutils-3.2.2.tgz", { "dependencies": { "dom-serializer": "^2.0.0", "domelementtype": "^2.3.0", "domhandler": "^5.0.3" } }, "sha512-6kZKyUajlDuqlHKVX1w7gyslj9MPIXzIFiz/rGu35uC1wMi+kMhQwGhl4lt9unC9Vb9INnY9Z3/ZA3+FhASLaw=="],

    "entities": ["entities@4.5.0", "https://registry.npmmirror.com/entities/-/entities-4.5.0.tgz", {}, "sha512-V0hjH4dGPh9Ao5p0MoRY6BVqtwCjhz6vI5LT8AJ55H+4g9/4vbHx1I54fS0XuclLhDHArPQCiMjDxjaL8fPxhw=="],

    "escape-string-regexp": ["escape-string-regexp@4.0.0", "https://registry.npmmirror.com/escape-string-regexp/-/escape-string-regexp-4.0.0.tgz", {}, "sha512-TtpcNJ3XAzx3Gq8sWRzJaVajRs0uVxA2YAkdb1jm2YkPz4G6egUFAyA3n5vtEIZefPk5Wa4UXbKuS5fKkJWdgA=="],

    "highlight.js": ["highlight.js@11.11.1", "https://registry.npmmirror.com/highlight.js/-/highlight.js-11.11.1.tgz", {}, "sha512-Xwwo44whKBVCYoliBQwaPvtd/2tYFkRQtXDWj1nackaV2JPXx3L0+Jvd8/qCJ2p+ML0/XVkJ2q+Mr+UVdpJK5w=="],

    "htmlparser2": ["htmlparser2@8.0.2", "https://registry.npmmirror.com/htmlparser2/-/htmlparser2-8.0.2.tgz", { "dependencies": { "domelementtype": "^2.3.0", "domhandler": "^5.0.3", "domutils": "^3.0.1", "entities": "^4.4.0" } }, "sha512-GYdjWKDkbRLkZ5geuHs5NY1puJ+PXwP7+fHPRz06Eirsb9ugf6d8kkXav6ADhcODhFFPMIXyxkxSuMf3D6NCFA=="],

    "is-plain-object": ["is-plain-object@5.0.0", "https://registry.npmmirror.com/is-plain-object/-/is-plain-object-5.0.0.tgz", {}, "sha512-VRSzKkbMm5jMDoKLbltAkFQ5Qr7VDiTFGXxYFXXowVj387GeGNOCsOH6Msy00SGZ3Fp84b1Naa1psqgcCIEP5Q=="],

    "lodash.castarray": ["lodash.castarray@4.4.0", "https://registry.npmmirror.com/lodash.castarray/-/lodash.castarray-4.4.0.tgz", {}, "sha512-aVx8ztPv7/2ULbArGJ2Y42bG1mEQ5mGjpdvrbJcJFU3TbYybe+QlLS4pst9zV52ymy2in1KpFPiZnAOATxD4+Q=="],

    "lodash.isplainobject": ["lodash.isplainobject@4.0.6", "https://registry.npmmirror.com/lodash.isplainobject/-/lodash.isplainobject-4.0.6.tgz", {}, "sha512-oSXzaWypCMHkPC3NvBEaPHf0KsA5mvPrOPgQWDsbg8n7orZ290M0BmC/jgRZ4vcJ6DTAhjrsSYgdsW/F+MFOBA=="],

    "lodash.merge": ["lodash.merge@4.6.2", "https://registry.npmmirror.com/lodash.merge/-/lodash.merge-4.6.2.tgz", {}, "sha512-0KpjqXRVvrYyCsX1swR/XTK0va6VQkQM6MNo7PqW77ByjAhoARA8EfrP1N4+KlKj8YS0ZUCtRT/YUuhyYDujIQ=="],

    "marked": ["marked@15.0.12", "https://registry.npmmirror.com/marked/-/marked-15.0.12.tgz", { "bin": { "marked": "bin/marked.js" } }, "sha512-8dD6FusOQSrpv9Z1rdNMdlSgQOIP880DHqnohobOmYLElGEqAL/JvxvuxZO16r4HtjTlfPRDC1hbvxC9dPN2nA=="],

    "marked-highlight": ["marked-highlight@2.2.1", "https://registry.npmmirror.com/marked-highlight/-/marked-highlight-2.2.1.tgz", { "peerDependencies": { "marked": ">=4 <16" } }, "sha512-SiCIeEiQbs9TxGwle9/OwbOejHCZsohQRaNTY2u8euEXYt2rYUFoiImUirThU3Gd/o6Q1gHGtH9qloHlbJpNIA=="],

    "nanoid": ["nanoid@3.3.11", "https://registry.npmmirror.com/nanoid/-/nanoid-3.3.11.tgz", { "bin": { "nanoid": "bin/nanoid.cjs" } }, "sha512-N8SpfPUnUp1bK+PMYW8qSWdl9U+wwNWI4QKxOYDy9JAro3WMX7p2OeVRF9v+347pnakNevPmiHhNmZ2HbFA76w=="],

    "parse-srcset": ["parse-srcset@1.0.2", "https://registry.npmmirror.com/parse-srcset/-/parse-srcset-1.0.2.tgz", {}, "sha512-/2qh0lav6CmI15FzA3i/2Bzk2zCgQhGMkvhOhKNcBVQ1ldgpbfiNTVslmooUmWJcADi1f1kIeynbDRVzNlfR6Q=="],

    "picocolors": ["picocolors@1.1.1", "https://registry.npmmirror.com/picocolors/-/picocolors-1.1.1.tgz", {}, "sha512-xceH2snhtb5M9liqDsmEw56le376mTZkEX/jEb/RxNFyegNul7eNslCXP9FDj/Lcu0X8KEyMceP2ntpaHrDEVA=="],

    "postcss": ["postcss@8.5.3", "https://registry.npmmirror.com/postcss/-/postcss-8.5.3.tgz", { "dependencies": { "nanoid": "^3.3.8", "picocolors": "^1.1.1", "source-map-js": "^1.2.1" } }, "sha512-dle9A3yYxlBSrt8Fu+IpjGT8SY8hN0mlaA6GY8t0P5PjIOZemULz/E2Bnm/2dcUOena75OTNkHI76uZBNUUq3A=="],

    "postcss-selector-parser": ["postcss-selector-parser@6.0.10", "https://registry.npmmirror.com/postcss-selector-parser/-/postcss-selector-parser-6.0.10.tgz", { "dependencies": { "cssesc": "^3.0.0", "util-deprecate": "^1.0.2" } }, "sha512-IQ7TZdoaqbT+LCpShg46jnZVlhWD2w6iQYAcYXfHARZ7X1t/UGhhceQDs5X0cGqKvYlHNOuv7Oa1xmb0oQuA3w=="],

    "react": ["react@19.1.0", "https://registry.npmmirror.com/react/-/react-19.1.0.tgz", {}, "sha512-FS+XFBNvn3GTAWq26joslQgWNoFu08F4kl0J4CgdNKADkdSGXQyTCnKteIAJy96Br6YbpEU1LSzV5dYtjMkMDg=="],

    "react-dom": ["react-dom@19.1.0", "https://registry.npmmirror.com/react-dom/-/react-dom-19.1.0.tgz", { "dependencies": { "scheduler": "^0.26.0" }, "peerDependencies": { "react": "^19.1.0" } }, "sha512-Xs1hdnE+DyKgeHJeJznQmYMIBG3TKIHJJT95Q58nHLSrElKlGQqDTR2HQ9fx5CN/Gk6Vh/kupBTDLU11/nDk/g=="],

    "react-router": ["react-router@7.6.0", "https://registry.npmmirror.com/react-router/-/react-router-7.6.0.tgz", { "dependencies": { "cookie": "^1.0.1", "set-cookie-parser": "^2.6.0" }, "peerDependencies": { "react": ">=18", "react-dom": ">=18" }, "optionalPeers": ["react-dom"] }, "sha512-GGufuHIVCJDbnIAXP3P9Sxzq3UUsddG3rrI3ut1q6m0FI6vxVBF3JoPQ38+W/blslLH4a5Yutp8drkEpXoddGQ=="],

    "react-router-dom": ["react-router-dom@7.6.0", "https://registry.npmmirror.com/react-router-dom/-/react-router-dom-7.6.0.tgz", { "dependencies": { "react-router": "7.6.0" }, "peerDependencies": { "react": ">=18", "react-dom": ">=18" } }, "sha512-DYgm6RDEuKdopSyGOWZGtDfSm7Aofb8CCzgkliTjtu/eDuB0gcsv6qdFhhi8HdtmA+KHkt5MfZ5K2PdzjugYsA=="],

    "sanitize-html": ["sanitize-html@2.17.0", "https://registry.npmmirror.com/sanitize-html/-/sanitize-html-2.17.0.tgz", { "dependencies": { "deepmerge": "^4.2.2", "escape-string-regexp": "^4.0.0", "htmlparser2": "^8.0.0", "is-plain-object": "^5.0.0", "parse-srcset": "^1.0.2", "postcss": "^8.3.11" } }, "sha512-dLAADUSS8rBwhaevT12yCezvioCA+bmUTPH/u57xKPT8d++voeYE6HeluA/bPbQ15TwDBG2ii+QZIEmYx8VdxA=="],

    "scheduler": ["scheduler@0.26.0", "https://registry.npmmirror.com/scheduler/-/scheduler-0.26.0.tgz", {}, "sha512-NlHwttCI/l5gCPR3D1nNXtWABUmBwvZpEQiD4IXSbIDq8BzLIK/7Ir5gTFSGZDUu37K5cMNp0hFtzO38sC7gWA=="],

    "set-cookie-parser": ["set-cookie-parser@2.7.1", "https://registry.npmmirror.com/set-cookie-parser/-/set-cookie-parser-2.7.1.tgz", {}, "sha512-IOc8uWeOZgnb3ptbCURJWNjWUPcO3ZnTTdzsurqERrP6nPyv+paC55vJM0LpOlT2ne+Ix+9+CRG1MNLlyZ4GjQ=="],

    "source-map-js": ["source-map-js@1.2.1", "https://registry.npmmirror.com/source-map-js/-/source-map-js-1.2.1.tgz", {}, "sha512-UXWMKhLOwVKb728IUtQPXxfYU+usdybtUrK/8uGE8CQMvrhOpwvzDBwj0QhSL7MQc7vIsISBG8VQ8+IDQxpfQA=="],

    "tailwindcss": ["tailwindcss@4.1.7", "https://registry.npmmirror.com/tailwindcss/-/tailwindcss-4.1.7.tgz", {}, "sha512-kr1o/ErIdNhTz8uzAYL7TpaUuzKIE6QPQ4qmSdxnoX/lo+5wmUHQA6h3L5yIqEImSRnAAURDirLu/BgiXGPAhg=="],

    "typescript": ["typescript@5.8.3", "https://registry.npmmirror.com/typescript/-/typescript-5.8.3.tgz", { "bin": { "tsc": "bin/tsc", "tsserver": "bin/tsserver" } }, "sha512-p1diW6TqL9L07nNxvRMM7hMMw4c5XOo/1ibL4aAIGmSAt9slTE1Xgw5KWuof2uTOvCg9BY7ZRi+GaF+7sfgPeQ=="],

    "undici-types": ["undici-types@6.21.0", "https://registry.npmmirror.com/undici-types/-/undici-types-6.21.0.tgz", {}, "sha512-iwDZqg0QAGrg9Rav5H4n0M64c3mkR59cJ6wQp+7C4nI0gsmExaedaYLNO44eT4AtBBwjbTiGPMlt2Md0T9H9JQ=="],

    "util-deprecate": ["util-deprecate@1.0.2", "https://registry.npmmirror.com/util-deprecate/-/util-deprecate-1.0.2.tgz", {}, "sha512-EPD5q1uXyFxJpCrLnCc1nHnq3gOa6DZBocAIiI2TaSCA7VCJ1UJDMagCzIkXNsUYfD1daK//LTEQ8xiIbrHtcw=="],

    "bun-markdown-display/bun-markdown-display": ["bun-markdown-display@file:.", {}],

    "bun-plugin-tailwind/tailwindcss": ["tailwindcss@4.0.0-beta.9", "https://registry.npmmirror.com/tailwindcss/-/tailwindcss-4.0.0-beta.9.tgz", {}, "sha512-96KpsfQi+/sFIOfyFnGzyy5pobuzf1iMBD9NVtelerPM/lPI2XUS4Kikw9yuKRniXXw77ov1sl7gCSKLsn6CJA=="],
  }
}
